
Microsoft Visual Studio Solution File, Format Version 12.00
# Visual Studio 15
VisualStudioVersion = 15.0.26430.15
MinimumVisualStudioVersion = 10.0.40219.1
Project("{9A19103F-16F7-4668-BE54-9A1E7A4F7556}") = "Ruanmou.Advanced9.Homework5.Foods", "Ruanmou.Advanced9.Homework5.Foods\Ruanmou.Advanced9.Homework5.Foods.csproj", "{43FC7AFC-592F-4791-AE88-B8DA79F21CF8}"
EndProject
Project("{2150E333-8FDC-42A3-9474-1A3956D46DE8}") = "2简单工厂", "2简单工厂", "{77F910E6-DEB2-4FD6-915B-8D08C7402BAA}"
	ProjectSection(SolutionItems) = preProject
		简单工厂文字说明.txt = 简单工厂文字说明.txt
	EndProjectSection
EndProject
Project("{2150E333-8FDC-42A3-9474-1A3956D46DE8}") = "4抽象工厂", "4抽象工厂", "{7AAC29C6-B100-412E-910B-4401A647B5B7}"
	ProjectSection(SolutionItems) = preProject
		抽象工厂文字说明.txt = 抽象工厂文字说明.txt
	EndProjectSection
EndProject
Project("{2150E333-8FDC-42A3-9474-1A3956D46DE8}") = "5点菜系统", "5点菜系统", "{43D26010-C943-4459-AC12-60EED2074299}"
EndProject
Project("{2150E333-8FDC-42A3-9474-1A3956D46DE8}") = "3工厂方法", "3工厂方法", "{735CFA64-25AE-49FF-9A49-A5CBBCCD40B2}"
	ProjectSection(SolutionItems) = preProject
		工厂方法文字说明.txt = 工厂方法文字说明.txt
	EndProjectSection
EndProject
Project("{9A19103F-16F7-4668-BE54-9A1E7A4F7556}") = "Ruanmou.Advanced9.Homework5.AbstractFactory", "Ruanmou.Advanced9.Homework5.AbstractFactory\Ruanmou.Advanced9.Homework5.AbstractFactory.csproj", "{DCB613A9-7F8A-4F07-B9FC-3DBA7401C5D4}"
EndProject
Project("{2150E333-8FDC-42A3-9474-1A3956D46DE8}") = "1普通实现", "1普通实现", "{6A1F2E99-896B-405C-8463-C474477631FB}"
EndProject
Project("{9A19103F-16F7-4668-BE54-9A1E7A4F7556}") = "Ruanmou.Advanced9.Homework5.SimpleFactory", "Ruanmou.Advanced9.Homework5.SimpleFactory\Ruanmou.Advanced9.Homework5.SimpleFactory.csproj", "{FFF15DF5-C150-48F5-93E3-C729A4184B4E}"
EndProject
Project("{9A19103F-16F7-4668-BE54-9A1E7A4F7556}") = "Ruanmou.Advanced9.Homework5.Foods.Abstractions", "Ruanmou.Advanced9.Homework5.Foods.Abstractions\Ruanmou.Advanced9.Homework5.Foods.Abstractions.csproj", "{FB3CC280-10E7-452F-9A30-2E4E283B583E}"
EndProject
Project("{FAE04EC0-301F-11D3-BF4B-00C04F79EFBC}") = "Ruanmou.Advanced9.Homework5.NormalImplement.CommandLine", "Ruanmou.Advanced9.Homework5.NormalImplement.CommandLine\Ruanmou.Advanced9.Homework5.NormalImplement.CommandLine.csproj", "{BA8C9A4E-6D0E-4698-8921-274196C63B7C}"
EndProject
Project("{FAE04EC0-301F-11D3-BF4B-00C04F79EFBC}") = "Ruanmou.Advanced9.Homework5.SimpleFactory.CommandLine", "Ruanmou.Advanced9.Homework5.SimpleFactory.CommandLine\Ruanmou.Advanced9.Homework5.SimpleFactory.CommandLine.csproj", "{AC6F6A64-328D-47C5-8F44-F73F1038774B}"
EndProject
Project("{FAE04EC0-301F-11D3-BF4B-00C04F79EFBC}") = "Ruanmou.Advanced9.Homework5.AbstractFactory.CommandLine", "Ruanmou.Advanced9.Homework5.AbstractFactory.CommandLine\Ruanmou.Advanced9.Homework5.AbstractFactory.CommandLine.csproj", "{491BF00F-DFB4-467D-8947-8D0B97A59BDD}"
EndProject
Project("{9A19103F-16F7-4668-BE54-9A1E7A4F7556}") = "Ruanmou.Advanced9.Homework5.FactoryMethod", "Ruanmou.Advanced9.Homework5.FactoryMethod\Ruanmou.Advanced9.Homework5.FactoryMethod.csproj", "{FB429A91-E240-4DBE-B92F-7D99368D39E2}"
EndProject
Project("{FAE04EC0-301F-11D3-BF4B-00C04F79EFBC}") = "Ruanmou.Advanced9.Homework5.FactoryMethod.CommandLine", "Ruanmou.Advanced9.Homework5.FactoryMethod.CommandLine\Ruanmou.Advanced9.Homework5.FactoryMethod.CommandLine.csproj", "{7BBEF67E-C6D0-4739-B00B-832731A13F16}"
EndProject
Project("{FAE04EC0-301F-11D3-BF4B-00C04F79EFBC}") = "Ruanmou.Advanced9.Homework5.OrderSystem", "Ruanmou.Advanced9.Homework5.OrderSystem\Ruanmou.Advanced9.Homework5.OrderSystem.csproj", "{B7827BC9-B489-46A6-B470-94BC3786714F}"
EndProject
Project("{FAE04EC0-301F-11D3-BF4B-00C04F79EFBC}") = "Ruanmou.Advanced9.Homework5.OrderSystem.Winform", "Ruanmou.Advanced9.Homework5.OrderSystem.Winform\Ruanmou.Advanced9.Homework5.OrderSystem.Winform.csproj", "{9B6F4CAB-C8F6-4976-8A5E-79F531936772}"
EndProject
Global
	GlobalSection(SolutionConfigurationPlatforms) = preSolution
		Debug|Any CPU = Debug|Any CPU
		Release|Any CPU = Release|Any CPU
	EndGlobalSection
	GlobalSection(ProjectConfigurationPlatforms) = postSolution
		{43FC7AFC-592F-4791-AE88-B8DA79F21CF8}.Debug|Any CPU.ActiveCfg = Debug|Any CPU
		{43FC7AFC-592F-4791-AE88-B8DA79F21CF8}.Debug|Any CPU.Build.0 = Debug|Any CPU
		{43FC7AFC-592F-4791-AE88-B8DA79F21CF8}.Release|Any CPU.ActiveCfg = Release|Any CPU
		{43FC7AFC-592F-4791-AE88-B8DA79F21CF8}.Release|Any CPU.Build.0 = Release|Any CPU
		{DCB613A9-7F8A-4F07-B9FC-3DBA7401C5D4}.Debug|Any CPU.ActiveCfg = Debug|Any CPU
		{DCB613A9-7F8A-4F07-B9FC-3DBA7401C5D4}.Debug|Any CPU.Build.0 = Debug|Any CPU
		{DCB613A9-7F8A-4F07-B9FC-3DBA7401C5D4}.Release|Any CPU.ActiveCfg = Release|Any CPU
		{DCB613A9-7F8A-4F07-B9FC-3DBA7401C5D4}.Release|Any CPU.Build.0 = Release|Any CPU
		{FFF15DF5-C150-48F5-93E3-C729A4184B4E}.Debug|Any CPU.ActiveCfg = Debug|Any CPU
		{FFF15DF5-C150-48F5-93E3-C729A4184B4E}.Debug|Any CPU.Build.0 = Debug|Any CPU
		{FFF15DF5-C150-48F5-93E3-C729A4184B4E}.Release|Any CPU.ActiveCfg = Release|Any CPU
		{FFF15DF5-C150-48F5-93E3-C729A4184B4E}.Release|Any CPU.Build.0 = Release|Any CPU
		{FB3CC280-10E7-452F-9A30-2E4E283B583E}.Debug|Any CPU.ActiveCfg = Debug|Any CPU
		{FB3CC280-10E7-452F-9A30-2E4E283B583E}.Debug|Any CPU.Build.0 = Debug|Any CPU
		{FB3CC280-10E7-452F-9A30-2E4E283B583E}.Release|Any CPU.ActiveCfg = Release|Any CPU
		{FB3CC280-10E7-452F-9A30-2E4E283B583E}.Release|Any CPU.Build.0 = Release|Any CPU
		{BA8C9A4E-6D0E-4698-8921-274196C63B7C}.Debug|Any CPU.ActiveCfg = Debug|Any CPU
		{BA8C9A4E-6D0E-4698-8921-274196C63B7C}.Debug|Any CPU.Build.0 = Debug|Any CPU
		{BA8C9A4E-6D0E-4698-8921-274196C63B7C}.Release|Any CPU.ActiveCfg = Release|Any CPU
		{BA8C9A4E-6D0E-4698-8921-274196C63B7C}.Release|Any CPU.Build.0 = Release|Any CPU
		{AC6F6A64-328D-47C5-8F44-F73F1038774B}.Debug|Any CPU.ActiveCfg = Debug|Any CPU
		{AC6F6A64-328D-47C5-8F44-F73F1038774B}.Debug|Any CPU.Build.0 = Debug|Any CPU
		{AC6F6A64-328D-47C5-8F44-F73F1038774B}.Release|Any CPU.ActiveCfg = Release|Any CPU
		{AC6F6A64-328D-47C5-8F44-F73F1038774B}.Release|Any CPU.Build.0 = Release|Any CPU
		{491BF00F-DFB4-467D-8947-8D0B97A59BDD}.Debug|Any CPU.ActiveCfg = Debug|Any CPU
		{491BF00F-DFB4-467D-8947-8D0B97A59BDD}.Debug|Any CPU.Build.0 = Debug|Any CPU
		{491BF00F-DFB4-467D-8947-8D0B97A59BDD}.Release|Any CPU.ActiveCfg = Release|Any CPU
		{491BF00F-DFB4-467D-8947-8D0B97A59BDD}.Release|Any CPU.Build.0 = Release|Any CPU
		{FB429A91-E240-4DBE-B92F-7D99368D39E2}.Debug|Any CPU.ActiveCfg = Debug|Any CPU
		{FB429A91-E240-4DBE-B92F-7D99368D39E2}.Debug|Any CPU.Build.0 = Debug|Any CPU
		{FB429A91-E240-4DBE-B92F-7D99368D39E2}.Release|Any CPU.ActiveCfg = Release|Any CPU
		{FB429A91-E240-4DBE-B92F-7D99368D39E2}.Release|Any CPU.Build.0 = Release|Any CPU
		{7BBEF67E-C6D0-4739-B00B-832731A13F16}.Debug|Any CPU.ActiveCfg = Debug|Any CPU
		{7BBEF67E-C6D0-4739-B00B-832731A13F16}.Debug|Any CPU.Build.0 = Debug|Any CPU
		{7BBEF67E-C6D0-4739-B00B-832731A13F16}.Release|Any CPU.ActiveCfg = Release|Any CPU
		{7BBEF67E-C6D0-4739-B00B-832731A13F16}.Release|Any CPU.Build.0 = Release|Any CPU
		{B7827BC9-B489-46A6-B470-94BC3786714F}.Debug|Any CPU.ActiveCfg = Debug|Any CPU
		{B7827BC9-B489-46A6-B470-94BC3786714F}.Debug|Any CPU.Build.0 = Debug|Any CPU
		{B7827BC9-B489-46A6-B470-94BC3786714F}.Release|Any CPU.ActiveCfg = Release|Any CPU
		{B7827BC9-B489-46A6-B470-94BC3786714F}.Release|Any CPU.Build.0 = Release|Any CPU
		{9B6F4CAB-C8F6-4976-8A5E-79F531936772}.Debug|Any CPU.ActiveCfg = Debug|Any CPU
		{9B6F4CAB-C8F6-4976-8A5E-79F531936772}.Debug|Any CPU.Build.0 = Debug|Any CPU
		{9B6F4CAB-C8F6-4976-8A5E-79F531936772}.Release|Any CPU.ActiveCfg = Release|Any CPU
		{9B6F4CAB-C8F6-4976-8A5E-79F531936772}.Release|Any CPU.Build.0 = Release|Any CPU
	EndGlobalSection
	GlobalSection(SolutionProperties) = preSolution
		HideSolutionNode = FALSE
	EndGlobalSection
	GlobalSection(NestedProjects) = preSolution
		{DCB613A9-7F8A-4F07-B9FC-3DBA7401C5D4} = {7AAC29C6-B100-412E-910B-4401A647B5B7}
		{FFF15DF5-C150-48F5-93E3-C729A4184B4E} = {77F910E6-DEB2-4FD6-915B-8D08C7402BAA}
		{BA8C9A4E-6D0E-4698-8921-274196C63B7C} = {6A1F2E99-896B-405C-8463-C474477631FB}
		{AC6F6A64-328D-47C5-8F44-F73F1038774B} = {77F910E6-DEB2-4FD6-915B-8D08C7402BAA}
		{491BF00F-DFB4-467D-8947-8D0B97A59BDD} = {7AAC29C6-B100-412E-910B-4401A647B5B7}
		{FB429A91-E240-4DBE-B92F-7D99368D39E2} = {735CFA64-25AE-49FF-9A49-A5CBBCCD40B2}
		{7BBEF67E-C6D0-4739-B00B-832731A13F16} = {735CFA64-25AE-49FF-9A49-A5CBBCCD40B2}
		{B7827BC9-B489-46A6-B470-94BC3786714F} = {43D26010-C943-4459-AC12-60EED2074299}
		{9B6F4CAB-C8F6-4976-8A5E-79F531936772} = {43D26010-C943-4459-AC12-60EED2074299}
	EndGlobalSection
EndGlobal
